
Microsoft Visual Studio Solution File, Format Version 12.00
# Visual Studio 15
VisualStudioVersion = 15.0.26124.0
MinimumVisualStudioVersion = 15.0.26124.0
Project("{2150E333-8FDC-42A3-9474-1A3956D46DE8}") = "src", "src", "{BFDCC7FF-17A9-416B-B2B9-2431661072F1}"
EndProject
Project("{FAE04EC0-301F-11D3-BF4B-00C04F79EFBC}") = "MindMatrix.EventSourcing", "src\MindMatrix.EventSourcing\MindMatrix.EventSourcing.csproj", "{77E51020-7346-4F6C-A71A-4D7F7C99D74A}"
EndProject
Project("{FAE04EC0-301F-11D3-BF4B-00C04F79EFBC}") = "MindMatrix.EventSourcing.Tests", "src\MindMatrix.EventSourcing.Tests\MindMatrix.EventSourcing.Tests.csproj", "{2F7B7EF1-45BA-4E2C-8338-1DBC676CC951}"
EndProject
Project("{FAE04EC0-301F-11D3-BF4B-00C04F79EFBC}") = "MindMatrix.EventSourcing.Console", "src\MindMatrix.EventSourcing.Console\MindMatrix.EventSourcing.Console.csproj", "{3E76F8CC-9D29-4054-9A30-AFBB5BCED93C}"
EndProject
Global
	GlobalSection(SolutionConfigurationPlatforms) = preSolution
		Debug|Any CPU = Debug|Any CPU
		Debug|x64 = Debug|x64
		Debug|x86 = Debug|x86
		Release|Any CPU = Release|Any CPU
		Release|x64 = Release|x64
		Release|x86 = Release|x86
	EndGlobalSection
	GlobalSection(SolutionProperties) = preSolution
		HideSolutionNode = FALSE
	EndGlobalSection
	GlobalSection(ProjectConfigurationPlatforms) = postSolution
		{77E51020-7346-4F6C-A71A-4D7F7C99D74A}.Debug|Any CPU.ActiveCfg = Debug|Any CPU
		{77E51020-7346-4F6C-A71A-4D7F7C99D74A}.Debug|Any CPU.Build.0 = Debug|Any CPU
		{77E51020-7346-4F6C-A71A-4D7F7C99D74A}.Debug|x64.ActiveCfg = Debug|Any CPU
		{77E51020-7346-4F6C-A71A-4D7F7C99D74A}.Debug|x64.Build.0 = Debug|Any CPU
		{77E51020-7346-4F6C-A71A-4D7F7C99D74A}.Debug|x86.ActiveCfg = Debug|Any CPU
		{77E51020-7346-4F6C-A71A-4D7F7C99D74A}.Debug|x86.Build.0 = Debug|Any CPU
		{77E51020-7346-4F6C-A71A-4D7F7C99D74A}.Release|Any CPU.ActiveCfg = Release|Any CPU
		{77E51020-7346-4F6C-A71A-4D7F7C99D74A}.Release|Any CPU.Build.0 = Release|Any CPU
		{77E51020-7346-4F6C-A71A-4D7F7C99D74A}.Release|x64.ActiveCfg = Release|Any CPU
		{77E51020-7346-4F6C-A71A-4D7F7C99D74A}.Release|x64.Build.0 = Release|Any CPU
		{77E51020-7346-4F6C-A71A-4D7F7C99D74A}.Release|x86.ActiveCfg = Release|Any CPU
		{77E51020-7346-4F6C-A71A-4D7F7C99D74A}.Release|x86.Build.0 = Release|Any CPU
		{2F7B7EF1-45BA-4E2C-8338-1DBC676CC951}.Debug|Any CPU.ActiveCfg = Debug|Any CPU
		{2F7B7EF1-45BA-4E2C-8338-1DBC676CC951}.Debug|Any CPU.Build.0 = Debug|Any CPU
		{2F7B7EF1-45BA-4E2C-8338-1DBC676CC951}.Debug|x64.ActiveCfg = Debug|Any CPU
		{2F7B7EF1-45BA-4E2C-8338-1DBC676CC951}.Debug|x64.Build.0 = Debug|Any CPU
		{2F7B7EF1-45BA-4E2C-8338-1DBC676CC951}.Debug|x86.ActiveCfg = Debug|Any CPU
		{2F7B7EF1-45BA-4E2C-8338-1DBC676CC951}.Debug|x86.Build.0 = Debug|Any CPU
		{2F7B7EF1-45BA-4E2C-8338-1DBC676CC951}.Release|Any CPU.ActiveCfg = Release|Any CPU
		{2F7B7EF1-45BA-4E2C-8338-1DBC676CC951}.Release|Any CPU.Build.0 = Release|Any CPU
		{2F7B7EF1-45BA-4E2C-8338-1DBC676CC951}.Release|x64.ActiveCfg = Release|Any CPU
		{2F7B7EF1-45BA-4E2C-8338-1DBC676CC951}.Release|x64.Build.0 = Release|Any CPU
		{2F7B7EF1-45BA-4E2C-8338-1DBC676CC951}.Release|x86.ActiveCfg = Release|Any CPU
		{2F7B7EF1-45BA-4E2C-8338-1DBC676CC951}.Release|x86.Build.0 = Release|Any CPU
		{3E76F8CC-9D29-4054-9A30-AFBB5BCED93C}.Debug|Any CPU.ActiveCfg = Debug|Any CPU
		{3E76F8CC-9D29-4054-9A30-AFBB5BCED93C}.Debug|Any CPU.Build.0 = Debug|Any CPU
		{3E76F8CC-9D29-4054-9A30-AFBB5BCED93C}.Debug|x64.ActiveCfg = Debug|Any CPU
		{3E76F8CC-9D29-4054-9A30-AFBB5BCED93C}.Debug|x64.Build.0 = Debug|Any CPU
		{3E76F8CC-9D29-4054-9A30-AFBB5BCED93C}.Debug|x86.ActiveCfg = Debug|Any CPU
		{3E76F8CC-9D29-4054-9A30-AFBB5BCED93C}.Debug|x86.Build.0 = Debug|Any CPU
		{3E76F8CC-9D29-4054-9A30-AFBB5BCED93C}.Release|Any CPU.ActiveCfg = Release|Any CPU
		{3E76F8CC-9D29-4054-9A30-AFBB5BCED93C}.Release|Any CPU.Build.0 = Release|Any CPU
		{3E76F8CC-9D29-4054-9A30-AFBB5BCED93C}.Release|x64.ActiveCfg = Release|Any CPU
		{3E76F8CC-9D29-4054-9A30-AFBB5BCED93C}.Release|x64.Build.0 = Release|Any CPU
		{3E76F8CC-9D29-4054-9A30-AFBB5BCED93C}.Release|x86.ActiveCfg = Release|Any CPU
		{3E76F8CC-9D29-4054-9A30-AFBB5BCED93C}.Release|x86.Build.0 = Release|Any CPU
	EndGlobalSection
	GlobalSection(NestedProjects) = preSolution
		{77E51020-7346-4F6C-A71A-4D7F7C99D74A} = {BFDCC7FF-17A9-416B-B2B9-2431661072F1}
		{2F7B7EF1-45BA-4E2C-8338-1DBC676CC951} = {BFDCC7FF-17A9-416B-B2B9-2431661072F1}
		{3E76F8CC-9D29-4054-9A30-AFBB5BCED93C} = {BFDCC7FF-17A9-416B-B2B9-2431661072F1}
	EndGlobalSection
EndGlobal
